
Microsoft Visual Studio Solution File, Format Version 12.00
# Visual Studio Version 17
VisualStudioVersion = 17.11.35208.52
MinimumVisualStudioVersion = 10.0.40219.1
Project("{FAE04EC0-301F-11D3-BF4B-00C04F79EFBC}") = "HotelAndResort", "HotelAndResort\HotelAndResort.csproj", "{76A3B4CA-BDE9-4058-871A-A5EF8F47FE70}"
EndProject
Global
	GlobalSection(SolutionConfigurationPlatforms) = preSolution
		Debug|Any CPU = Debug|Any CPU
		Release|Any CPU = Release|Any CPU
	EndGlobalSection
	GlobalSection(ProjectConfigurationPlatforms) = postSolution
		{76A3B4CA-BDE9-4058-871A-A5EF8F47FE70}.Debug|Any CPU.ActiveCfg = Debug|Any CPU
		{76A3B4CA-BDE9-4058-871A-A5EF8F47FE70}.Debug|Any CPU.Build.0 = Debug|Any CPU
		{76A3B4CA-BDE9-4058-871A-A5EF8F47FE70}.Release|Any CPU.ActiveCfg = Release|Any CPU
		{76A3B4CA-BDE9-4058-871A-A5EF8F47FE70}.Release|Any CPU.Build.0 = Release|Any CPU
	EndGlobalSection
	GlobalSection(SolutionProperties) = preSolution
		HideSolutionNode = FALSE
	EndGlobalSection
	GlobalSection(ExtensibilityGlobals) = postSolution
		SolutionGuid = {CDCDC18C-408A-4843-B60E-4DBA2D537BA2}
	EndGlobalSection
EndGlobal
